
Microsoft Visual Studio Solution File, Format Version 12.00
# Visual Studio Version 16
VisualStudioVersion = 16.0.31727.386
MinimumVisualStudioVersion = 10.0.40219.1
Project("{FAE04EC0-301F-11D3-BF4B-00C04F79EFBC}") = "_lab4", "_lab4\_lab4.csproj", "{3EFD0B27-4EE0-4C6B-867E-0E26DA866D19}"
EndProject
Global
	GlobalSection(SolutionConfigurationPlatforms) = preSolution
		Debug|Any CPU = Debug|Any CPU
		Release|Any CPU = Release|Any CPU
	EndGlobalSection
	GlobalSection(ProjectConfigurationPlatforms) = postSolution
		{3EFD0B27-4EE0-4C6B-867E-0E26DA866D19}.Debug|Any CPU.ActiveCfg = Debug|Any CPU
		{3EFD0B27-4EE0-4C6B-867E-0E26DA866D19}.Debug|Any CPU.Build.0 = Debug|Any CPU
		{3EFD0B27-4EE0-4C6B-867E-0E26DA866D19}.Release|Any CPU.ActiveCfg = Release|Any CPU
		{3EFD0B27-4EE0-4C6B-867E-0E26DA866D19}.Release|Any CPU.Build.0 = Release|Any CPU
	EndGlobalSection
	GlobalSection(SolutionProperties) = preSolution
		HideSolutionNode = FALSE
	EndGlobalSection
	GlobalSection(ExtensibilityGlobals) = postSolution
		SolutionGuid = {726E90BA-A5BB-4BED-B96B-F141B64DE88D}
	EndGlobalSection
EndGlobal
